{
  "name": "Authorization",
  "lockfileVersion": 2,
  "requires": true,
  "packages": {
    "": {
      "dependencies": {
        "tata-js": "^0.1.5"
      }
    },
    "node_modules/tata-js": {
      "version": "0.1.5",
      "resolved": "https://registry.npmjs.org/tata-js/-/tata-js-0.1.5.tgz",
      "integrity": "sha512-e9O09ZY8D+LX3kyFfLE//LcWI0M23V2XpAyrSDm7cZJH1xaCoFwAD7j/s0FV9v72BJ0PnCOYkA+BaCZ5BNdvGg=="
    }
  },
  "dependencies": {
    "tata-js": {
      "version": "0.1.5",
      "resolved": "https://registry.npmjs.org/tata-js/-/tata-js-0.1.5.tgz",
      "integrity": "sha512-e9O09ZY8D+LX3kyFfLE//LcWI0M23V2XpAyrSDm7cZJH1xaCoFwAD7j/s0FV9v72BJ0PnCOYkA+BaCZ5BNdvGg=="
    }
  }
}
